// !$*UTF8*$!
{
	archiveVersion = 1;
	classes = {
	};
	objectVersion = 56;
	objects = {

/* Begin PBXBuildFile section */
		8208E9BD2B8A94480009DD3A /* SceneDelegate.swift in Sources */ = {isa = PBXBuildFile; fileRef = 8208E9BC2B8A94480009DD3A /* SceneDelegate.swift */; };
		8208E9BF2B8A94480009DD3A /* WeatherViewController.swift in Sources */ = {isa = PBXBuildFile; fileRef = 8208E9BE2B8A94480009DD3A /* WeatherViewController.swift */; };
		8208E9C42B8A94490009DD3A /* Assets.xcassets in Resources */ = {isa = PBXBuildFile; fileRef = 8208E9C32B8A94490009DD3A /* Assets.xcassets */; };
		8208E9C72B8A94490009DD3A /* LaunchScreen.storyboard in Resources */ = {isa = PBXBuildFile; fileRef = 8208E9C52B8A94490009DD3A /* LaunchScreen.storyboard */; };
		8208E9E12B8A9BAF0009DD3A /* AppDelegate.swift in Sources */ = {isa = PBXBuildFile; fileRef = 8208E9D42B8A9A9C0009DD3A /* AppDelegate.swift */; };
		8208E9E32B8A9C3D0009DD3A /* LocationManager.swift in Sources */ = {isa = PBXBuildFile; fileRef = 8208E9E22B8A9C3D0009DD3A /* LocationManager.swift */; };
		8208E9E52B8A9C4C0009DD3A /* IAPManager.swift in Sources */ = {isa = PBXBuildFile; fileRef = 8208E9E42B8A9C4C0009DD3A /* IAPManager.swift */; };
		8208E9E82B8A9C8D0009DD3A /* WeatherManager.swift in Sources */ = {isa = PBXBuildFile; fileRef = 8208E9E72B8A9C8D0009DD3A /* WeatherManager.swift */; };
		8208E9EA2B8A9EB80009DD3A /* SettingsViewController.swift in Sources */ = {isa = PBXBuildFile; fileRef = 8208E9E92B8A9EB80009DD3A /* SettingsViewController.swift */; };
		8208E9EC2B8A9F200009DD3A /* TabViewController.swift in Sources */ = {isa = PBXBuildFile; fileRef = 8208E9EB2B8A9F200009DD3A /* TabViewController.swift */; };
		8208E9EE2B8AA3D80009DD3A /* CurrentWeatherView.swift in Sources */ = {isa = PBXBuildFile; fileRef = 8208E9ED2B8AA3D80009DD3A /* CurrentWeatherView.swift */; };
		8208E9F02B8AA7900009DD3A /* SettingsView.swift in Sources */ = {isa = PBXBuildFile; fileRef = 8208E9EF2B8AA7900009DD3A /* SettingsView.swift */; };
		8208E9F22B8B5B960009DD3A /* SettingsViewViewModel.swift in Sources */ = {isa = PBXBuildFile; fileRef = 8208E9F12B8B5B960009DD3A /* SettingsViewViewModel.swift */; };
		8208E9F42B8B88E40009DD3A /* CurrentWeatherSection.swift in Sources */ = {isa = PBXBuildFile; fileRef = 8208E9F32B8B88E40009DD3A /* CurrentWeatherSection.swift */; };
		8208E9F72B8B8B560009DD3A /* CurrentWeatherCollectionViewCell.swift in Sources */ = {isa = PBXBuildFile; fileRef = 8208E9F62B8B8B560009DD3A /* CurrentWeatherCollectionViewCell.swift */; };
		8208E9F92B8B8BD60009DD3A /* HourlyWeatherCollectionViewCell.swift in Sources */ = {isa = PBXBuildFile; fileRef = 8208E9F82B8B8BD60009DD3A /* HourlyWeatherCollectionViewCell.swift */; };
		8208E9FD2B8B8C1E0009DD3A /* DailyWeatherCollectionViewCell.swift in Sources */ = {isa = PBXBuildFile; fileRef = 8208E9FC2B8B8C1E0009DD3A /* DailyWeatherCollectionViewCell.swift */; };
		8231E4432B9DEF4B002FDF48 /* RevenueCat in Frameworks */ = {isa = PBXBuildFile; productRef = 8231E4422B9DEF4B002FDF48 /* RevenueCat */; };
		8231E4452B9DEF4B002FDF48 /* RevenueCatUI in Frameworks */ = {isa = PBXBuildFile; productRef = 8231E4442B9DEF4B002FDF48 /* RevenueCatUI */; };
		8231E44A2B9DF737002FDF48 /* StoreKit.framework in Frameworks */ = {isa = PBXBuildFile; fileRef = 8231E4492B9DF737002FDF48 /* StoreKit.framework */; };
		82FDDDC22B951BBB00BB8F85 /* WeatherViewModel.swift in Sources */ = {isa = PBXBuildFile; fileRef = 82FDDDC12B951BBB00BB8F85 /* WeatherViewModel.swift */; };
		82FDDDC42B951C4B00BB8F85 /* CurrentWeatherCollectionViewCellViewModel.swift in Sources */ = {isa = PBXBuildFile; fileRef = 82FDDDC32B951C4B00BB8F85 /* CurrentWeatherCollectionViewCellViewModel.swift */; };
		82FDDDC62B951C9300BB8F85 /* HourlyWeatherCollectionViewCellViewModel.swift in Sources */ = {isa = PBXBuildFile; fileRef = 82FDDDC52B951C9300BB8F85 /* HourlyWeatherCollectionViewCellViewModel.swift */; };
		82FDDDC82B951CA900BB8F85 /* DailyWeatherCollectionViewCellViewModel.swift in Sources */ = {isa = PBXBuildFile; fileRef = 82FDDDC72B951CA900BB8F85 /* DailyWeatherCollectionViewCellViewModel.swift */; };
/* End PBXBuildFile section */

/* Begin PBXFileReference section */
		8208E9B72B8A94480009DD3A /* BrightSky.app */ = {isa = PBXFileReference; explicitFileType = wrapper.application; includeInIndex = 0; path = BrightSky.app; sourceTree = BUILT_PRODUCTS_DIR; };
		8208E9BC2B8A94480009DD3A /* SceneDelegate.swift */ = {isa = PBXFileReference; lastKnownFileType = sourcecode.swift; name = SceneDelegate.swift; path = ../SceneDelegate.swift; sourceTree = "<group>"; };
		8208E9BE2B8A94480009DD3A /* WeatherViewController.swift */ = {isa = PBXFileReference; lastKnownFileType = sourcecode.swift; path = WeatherViewController.swift; sourceTree = "<group>"; };
		8208E9C32B8A94490009DD3A /* Assets.xcassets */ = {isa = PBXFileReference; lastKnownFileType = folder.assetcatalog; path = Assets.xcassets; sourceTree = "<group>"; };
		8208E9C62B8A94490009DD3A /* Base */ = {isa = PBXFileReference; lastKnownFileType = file.storyboard; name = Base; path = Base.lproj/LaunchScreen.storyboard; sourceTree = "<group>"; };
		8208E9C82B8A94490009DD3A /* Info.plist */ = {isa = PBXFileReference; lastKnownFileType = text.plist.xml; path = Info.plist; sourceTree = "<group>"; };
		8208E9CE2B8A976B0009DD3A /* BrightSky.entitlements */ = {isa = PBXFileReference; lastKnownFileType = text.plist.entitlements; path = BrightSky.entitlements; sourceTree = "<group>"; };
		8208E9D42B8A9A9C0009DD3A /* AppDelegate.swift */ = {isa = PBXFileReference; lastKnownFileType = sourcecode.swift; path = AppDelegate.swift; sourceTree = "<group>"; };
		8208E9E22B8A9C3D0009DD3A /* LocationManager.swift */ = {isa = PBXFileReference; lastKnownFileType = sourcecode.swift; path = LocationManager.swift; sourceTree = "<group>"; };
		8208E9E42B8A9C4C0009DD3A /* IAPManager.swift */ = {isa = PBXFileReference; lastKnownFileType = sourcecode.swift; path = IAPManager.swift; sourceTree = "<group>"; };
		8208E9E72B8A9C8D0009DD3A /* WeatherManager.swift */ = {isa = PBXFileReference; lastKnownFileType = sourcecode.swift; path = WeatherManager.swift; sourceTree = "<group>"; };
		8208E9E92B8A9EB80009DD3A /* SettingsViewController.swift */ = {isa = PBXFileReference; lastKnownFileType = sourcecode.swift; path = SettingsViewController.swift; sourceTree = "<group>"; };
		8208E9EB2B8A9F200009DD3A /* TabViewController.swift */ = {isa = PBXFileReference; lastKnownFileType = sourcecode.swift; path = TabViewController.swift; sourceTree = "<group>"; };
		8208E9ED2B8AA3D80009DD3A /* CurrentWeatherView.swift */ = {isa = PBXFileReference; lastKnownFileType = sourcecode.swift; path = CurrentWeatherView.swift; sourceTree = "<group>"; };
		8208E9EF2B8AA7900009DD3A /* SettingsView.swift */ = {isa = PBXFileReference; lastKnownFileType = sourcecode.swift; path = SettingsView.swift; sourceTree = "<group>"; };
		8208E9F12B8B5B960009DD3A /* SettingsViewViewModel.swift */ = {isa = PBXFileReference; lastKnownFileType = sourcecode.swift; path = SettingsViewViewModel.swift; sourceTree = "<group>"; };
		8208E9F32B8B88E40009DD3A /* CurrentWeatherSection.swift */ = {isa = PBXFileReference; lastKnownFileType = sourcecode.swift; path = CurrentWeatherSection.swift; sourceTree = "<group>"; };
		8208E9F62B8B8B560009DD3A /* CurrentWeatherCollectionViewCell.swift */ = {isa = PBXFileReference; lastKnownFileType = sourcecode.swift; path = CurrentWeatherCollectionViewCell.swift; sourceTree = "<group>"; };
		8208E9F82B8B8BD60009DD3A /* HourlyWeatherCollectionViewCell.swift */ = {isa = PBXFileReference; lastKnownFileType = sourcecode.swift; path = HourlyWeatherCollectionViewCell.swift; sourceTree = "<group>"; };
		8208E9FC2B8B8C1E0009DD3A /* DailyWeatherCollectionViewCell.swift */ = {isa = PBXFileReference; lastKnownFileType = sourcecode.swift; path = DailyWeatherCollectionViewCell.swift; sourceTree = "<group>"; };
		8231E4492B9DF737002FDF48 /* StoreKit.framework */ = {isa = PBXFileReference; lastKnownFileType = wrapper.framework; name = StoreKit.framework; path = System/Library/Frameworks/StoreKit.framework; sourceTree = SDKROOT; };
		8231E44B2B9DF919002FDF48 /* BrightSky - Weather app.storekit */ = {isa = PBXFileReference; lastKnownFileType = text; path = "BrightSky - Weather app.storekit"; sourceTree = "<group>"; };
		8231E44C2B9DFDD5002FDF48 /* StoreKitTestCertificate.cer */ = {isa = PBXFileReference; lastKnownFileType = file; path = StoreKitTestCertificate.cer; sourceTree = "<group>"; };
		82FDDDC12B951BBB00BB8F85 /* WeatherViewModel.swift */ = {isa = PBXFileReference; lastKnownFileType = sourcecode.swift; path = WeatherViewModel.swift; sourceTree = "<group>"; };
		82FDDDC32B951C4B00BB8F85 /* CurrentWeatherCollectionViewCellViewModel.swift */ = {isa = PBXFileReference; lastKnownFileType = sourcecode.swift; path = CurrentWeatherCollectionViewCellViewModel.swift; sourceTree = "<group>"; };
		82FDDDC52B951C9300BB8F85 /* HourlyWeatherCollectionViewCellViewModel.swift */ = {isa = PBXFileReference; lastKnownFileType = sourcecode.swift; path = HourlyWeatherCollectionViewCellViewModel.swift; sourceTree = "<group>"; };
		82FDDDC72B951CA900BB8F85 /* DailyWeatherCollectionViewCellViewModel.swift */ = {isa = PBXFileReference; lastKnownFileType = sourcecode.swift; path = DailyWeatherCollectionViewCellViewModel.swift; sourceTree = "<group>"; };
/* End PBXFileReference section */

/* Begin PBXFrameworksBuildPhase section */
		8208E9B42B8A94480009DD3A /* Frameworks */ = {
			isa = PBXFrameworksBuildPhase;
			buildActionMask = 2147483647;
			files = (
				8231E44A2B9DF737002FDF48 /* StoreKit.framework in Frameworks */,
				8231E4432B9DEF4B002FDF48 /* RevenueCat in Frameworks */,
				8231E4452B9DEF4B002FDF48 /* RevenueCatUI in Frameworks */,
			);
			runOnlyForDeploymentPostprocessing = 0;
		};
/* End PBXFrameworksBuildPhase section */

/* Begin PBXGroup section */
		8208E9AE2B8A94480009DD3A = {
			isa = PBXGroup;
			children = (
				8231E44B2B9DF919002FDF48 /* BrightSky - Weather app.storekit */,
				8231E44C2B9DFDD5002FDF48 /* StoreKitTestCertificate.cer */,
				8208E9B92B8A94480009DD3A /* BrightSky */,
				8208E9B82B8A94480009DD3A /* Products */,
				8231E4482B9DF737002FDF48 /* Frameworks */,
			);
			sourceTree = "<group>";
		};
		8208E9B82B8A94480009DD3A /* Products */ = {
			isa = PBXGroup;
			children = (
				8208E9B72B8A94480009DD3A /* BrightSky.app */,
			);
			name = Products;
			sourceTree = "<group>";
		};
		8208E9B92B8A94480009DD3A /* BrightSky */ = {
			isa = PBXGroup;
			children = (
				8208E9D62B8A9B210009DD3A /* Managers */,
				8208E9D32B8A9A870009DD3A /* Resources */,
				8208E9D22B8A9A720009DD3A /* Controllers */,
				8208E9D12B8A9A660009DD3A /* Models */,
				8208E9D02B8A9A580009DD3A /* ViewModels */,
				8208E9CF2B8A9A440009DD3A /* Views */,
				8208E9CE2B8A976B0009DD3A /* BrightSky.entitlements */,
				8208E9C82B8A94490009DD3A /* Info.plist */,
			);
			path = BrightSky;
			sourceTree = "<group>";
		};
		8208E9CF2B8A9A440009DD3A /* Views */ = {
			isa = PBXGroup;
			children = (
				8208E9F52B8B8B1D0009DD3A /* WeatherCells */,
				8208E9ED2B8AA3D80009DD3A /* CurrentWeatherView.swift */,
				8208E9EF2B8AA7900009DD3A /* SettingsView.swift */,
			);
			path = Views;
			sourceTree = "<group>";
		};
		8208E9D02B8A9A580009DD3A /* ViewModels */ = {
			isa = PBXGroup;
			children = (
				8208E9F12B8B5B960009DD3A /* SettingsViewViewModel.swift */,
				8208E9F32B8B88E40009DD3A /* CurrentWeatherSection.swift */,
				82FDDDC12B951BBB00BB8F85 /* WeatherViewModel.swift */,
				82FDDDC32B951C4B00BB8F85 /* CurrentWeatherCollectionViewCellViewModel.swift */,
				82FDDDC52B951C9300BB8F85 /* HourlyWeatherCollectionViewCellViewModel.swift */,
				82FDDDC72B951CA900BB8F85 /* DailyWeatherCollectionViewCellViewModel.swift */,
			);
			path = ViewModels;
			sourceTree = "<group>";
		};
		8208E9D12B8A9A660009DD3A /* Models */ = {
			isa = PBXGroup;
			children = (
			);
			path = Models;
			sourceTree = "<group>";
		};
		8208E9D22B8A9A720009DD3A /* Controllers */ = {
			isa = PBXGroup;
			children = (
				8208E9BE2B8A94480009DD3A /* WeatherViewController.swift */,
				8208E9E92B8A9EB80009DD3A /* SettingsViewController.swift */,
				8208E9EB2B8A9F200009DD3A /* TabViewController.swift */,
			);
			path = Controllers;
			sourceTree = "<group>";
		};
		8208E9D32B8A9A870009DD3A /* Resources */ = {
			isa = PBXGroup;
			children = (
				8208E9C32B8A94490009DD3A /* Assets.xcassets */,
				8208E9C52B8A94490009DD3A /* LaunchScreen.storyboard */,
				8208E9BC2B8A94480009DD3A /* SceneDelegate.swift */,
				8208E9D42B8A9A9C0009DD3A /* AppDelegate.swift */,
			);
			path = Resources;
			sourceTree = "<group>";
		};
		8208E9D62B8A9B210009DD3A /* Managers */ = {
			isa = PBXGroup;
			children = (
				8208E9E22B8A9C3D0009DD3A /* LocationManager.swift */,
				8208E9E42B8A9C4C0009DD3A /* IAPManager.swift */,
				8208E9E72B8A9C8D0009DD3A /* WeatherManager.swift */,
			);
			path = Managers;
			sourceTree = "<group>";
		};
		8208E9F52B8B8B1D0009DD3A /* WeatherCells */ = {
			isa = PBXGroup;
			children = (
				8208E9F62B8B8B560009DD3A /* CurrentWeatherCollectionViewCell.swift */,
				8208E9F82B8B8BD60009DD3A /* HourlyWeatherCollectionViewCell.swift */,
				8208E9FC2B8B8C1E0009DD3A /* DailyWeatherCollectionViewCell.swift */,
			);
			path = WeatherCells;
			sourceTree = "<group>";
		};
		8231E4482B9DF737002FDF48 /* Frameworks */ = {
			isa = PBXGroup;
			children = (
				8231E4492B9DF737002FDF48 /* StoreKit.framework */,
			);
			name = Frameworks;
			sourceTree = "<group>";
		};
/* End PBXGroup section */

/* Begin PBXNativeTarget section */
		8208E9B62B8A94480009DD3A /* BrightSky */ = {
			isa = PBXNativeTarget;
			buildConfigurationList = 8208E9CB2B8A94490009DD3A /* Build configuration list for PBXNativeTarget "BrightSky" */;
			buildPhases = (
				8208E9B32B8A94480009DD3A /* Sources */,
				8208E9B42B8A94480009DD3A /* Frameworks */,
				8208E9B52B8A94480009DD3A /* Resources */,
			);
			buildRules = (
			);
			dependencies = (
			);
			name = BrightSky;
			packageProductDependencies = (
				8231E4422B9DEF4B002FDF48 /* RevenueCat */,
				8231E4442B9DEF4B002FDF48 /* RevenueCatUI */,
			);
			productName = BrightSky;
			productReference = 8208E9B72B8A94480009DD3A /* BrightSky.app */;
			productType = "com.apple.product-type.application";
		};
/* End PBXNativeTarget section */

/* Begin PBXProject section */
		8208E9AF2B8A94480009DD3A /* Project object */ = {
			isa = PBXProject;
			attributes = {
				BuildIndependentTargetsInParallel = 1;
				LastSwiftUpdateCheck = 1500;
				LastUpgradeCheck = 1500;
				TargetAttributes = {
					8208E9B62B8A94480009DD3A = {
						CreatedOnToolsVersion = 15.0.1;
					};
				};
			};
			buildConfigurationList = 8208E9B22B8A94480009DD3A /* Build configuration list for PBXProject "BrightSky" */;
			compatibilityVersion = "Xcode 14.0";
			developmentRegion = en;
			hasScannedForEncodings = 0;
			knownRegions = (
				en,
				Base,
			);
			mainGroup = 8208E9AE2B8A94480009DD3A;
			packageReferences = (
				8231E43F2B9DEF4B002FDF48 /* XCRemoteSwiftPackageReference "purchases-ios" */,
			);
			productRefGroup = 8208E9B82B8A94480009DD3A /* Products */;
			projectDirPath = "";
			projectRoot = "";
			targets = (
				8208E9B62B8A94480009DD3A /* BrightSky */,
			);
		};
/* End PBXProject section */

/* Begin PBXResourcesBuildPhase section */
		8208E9B52B8A94480009DD3A /* Resources */ = {
			isa = PBXResourcesBuildPhase;
			buildActionMask = 2147483647;
			files = (
				8208E9C72B8A94490009DD3A /* LaunchScreen.storyboard in Resources */,
				8208E9C42B8A94490009DD3A /* Assets.xcassets in Resources */,
			);
			runOnlyForDeploymentPostprocessing = 0;
		};
/* End PBXResourcesBuildPhase section */

/* Begin PBXSourcesBuildPhase section */
		8208E9B32B8A94480009DD3A /* Sources */ = {
			isa = PBXSourcesBuildPhase;
			buildActionMask = 2147483647;
			files = (
				8208E9EC2B8A9F200009DD3A /* TabViewController.swift in Sources */,
				8208E9E82B8A9C8D0009DD3A /* WeatherManager.swift in Sources */,
				8208E9F92B8B8BD60009DD3A /* HourlyWeatherCollectionViewCell.swift in Sources */,
				82FDDDC42B951C4B00BB8F85 /* CurrentWeatherCollectionViewCellViewModel.swift in Sources */,
				8208E9E32B8A9C3D0009DD3A /* LocationManager.swift in Sources */,
				8208E9EE2B8AA3D80009DD3A /* CurrentWeatherView.swift in Sources */,
				8208E9EA2B8A9EB80009DD3A /* SettingsViewController.swift in Sources */,
				82FDDDC82B951CA900BB8F85 /* DailyWeatherCollectionViewCellViewModel.swift in Sources */,
				8208E9F02B8AA7900009DD3A /* SettingsView.swift in Sources */,
				82FDDDC22B951BBB00BB8F85 /* WeatherViewModel.swift in Sources */,
				82FDDDC62B951C9300BB8F85 /* HourlyWeatherCollectionViewCellViewModel.swift in Sources */,
				8208E9E52B8A9C4C0009DD3A /* IAPManager.swift in Sources */,
				8208E9F22B8B5B960009DD3A /* SettingsViewViewModel.swift in Sources */,
				8208E9E12B8A9BAF0009DD3A /* AppDelegate.swift in Sources */,
				8208E9BF2B8A94480009DD3A /* WeatherViewController.swift in Sources */,
				8208E9F42B8B88E40009DD3A /* CurrentWeatherSection.swift in Sources */,
				8208E9BD2B8A94480009DD3A /* SceneDelegate.swift in Sources */,
				8208E9FD2B8B8C1E0009DD3A /* DailyWeatherCollectionViewCell.swift in Sources */,
				8208E9F72B8B8B560009DD3A /* CurrentWeatherCollectionViewCell.swift in Sources */,
			);
			runOnlyForDeploymentPostprocessing = 0;
		};
/* End PBXSourcesBuildPhase section */

/* Begin PBXVariantGroup section */
		8208E9C52B8A94490009DD3A /* LaunchScreen.storyboard */ = {
			isa = PBXVariantGroup;
			children = (
				8208E9C62B8A94490009DD3A /* Base */,
			);
			name = LaunchScreen.storyboard;
			sourceTree = "<group>";
		};
/* End PBXVariantGroup section */

/* Begin XCBuildConfiguration section */
		8208E9C92B8A94490009DD3A /* Debug */ = {
			isa = XCBuildConfiguration;
			buildSettings = {
				ALWAYS_SEARCH_USER_PATHS = NO;
				ASSETCATALOG_COMPILER_GENERATE_SWIFT_ASSET_SYMBOL_EXTENSIONS = YES;
				CLANG_ANALYZER_NONNULL = YES;
				CLANG_ANALYZER_NUMBER_OBJECT_CONVERSION = YES_AGGRESSIVE;
				CLANG_CXX_LANGUAGE_STANDARD = "gnu++20";
				CLANG_ENABLE_MODULES = YES;
				CLANG_ENABLE_OBJC_ARC = YES;
				CLANG_ENABLE_OBJC_WEAK = YES;
				CLANG_WARN_BLOCK_CAPTURE_AUTORELEASING = YES;
				CLANG_WARN_BOOL_CONVERSION = YES;
				CLANG_WARN_COMMA = YES;
				CLANG_WARN_CONSTANT_CONVERSION = YES;
				CLANG_WARN_DEPRECATED_OBJC_IMPLEMENTATIONS = YES;
				CLANG_WARN_DIRECT_OBJC_ISA_USAGE = YES_ERROR;
				CLANG_WARN_DOCUMENTATION_COMMENTS = YES;
				CLANG_WARN_EMPTY_BODY = YES;
				CLANG_WARN_ENUM_CONVERSION = YES;
				CLANG_WARN_INFINITE_RECURSION = YES;
				CLANG_WARN_INT_CONVERSION = YES;
				CLANG_WARN_NON_LITERAL_NULL_CONVERSION = YES;
				CLANG_WARN_OBJC_IMPLICIT_RETAIN_SELF = YES;
				CLANG_WARN_OBJC_LITERAL_CONVERSION = YES;
				CLANG_WARN_OBJC_ROOT_CLASS = YES_ERROR;
				CLANG_WARN_QUOTED_INCLUDE_IN_FRAMEWORK_HEADER = YES;
				CLANG_WARN_RANGE_LOOP_ANALYSIS = YES;
				CLANG_WARN_STRICT_PROTOTYPES = YES;
				CLANG_WARN_SUSPICIOUS_MOVE = YES;
				CLANG_WARN_UNGUARDED_AVAILABILITY = YES_AGGRESSIVE;
				CLANG_WARN_UNREACHABLE_CODE = YES;
				CLANG_WARN__DUPLICATE_METHOD_MATCH = YES;
				COPY_PHASE_STRIP = NO;
				DEBUG_INFORMATION_FORMAT = dwarf;
				ENABLE_STRICT_OBJC_MSGSEND = YES;
				ENABLE_TESTABILITY = YES;
				ENABLE_USER_SCRIPT_SANDBOXING = YES;
				GCC_C_LANGUAGE_STANDARD = gnu17;
				GCC_DYNAMIC_NO_PIC = NO;
				GCC_NO_COMMON_BLOCKS = YES;
				GCC_OPTIMIZATION_LEVEL = 0;
				GCC_PREPROCESSOR_DEFINITIONS = (
					"DEBUG=1",
					"$(inherited)",
				);
				GCC_WARN_64_TO_32_BIT_CONVERSION = YES;
				GCC_WARN_ABOUT_RETURN_TYPE = YES_ERROR;
				GCC_WARN_UNDECLARED_SELECTOR = YES;
				GCC_WARN_UNINITIALIZED_AUTOS = YES_AGGRESSIVE;
				GCC_WARN_UNUSED_FUNCTION = YES;
				GCC_WARN_UNUSED_VARIABLE = YES;
				IPHONEOS_DEPLOYMENT_TARGET = 17.0;
				LOCALIZATION_PREFERS_STRING_CATALOGS = YES;
				MTL_ENABLE_DEBUG_INFO = INCLUDE_SOURCE;
				MTL_FAST_MATH = YES;
				ONLY_ACTIVE_ARCH = YES;
				SDKROOT = iphoneos;
				SWIFT_ACTIVE_COMPILATION_CONDITIONS = "DEBUG $(inherited)";
				SWIFT_OPTIMIZATION_LEVEL = "-Onone";
			};
			name = Debug;
		};
		8208E9CA2B8A94490009DD3A /* Release */ = {
			isa = XCBuildConfiguration;
			buildSettings = {
				ALWAYS_SEARCH_USER_PATHS = NO;
				ASSETCATALOG_COMPILER_GENERATE_SWIFT_ASSET_SYMBOL_EXTENSIONS = YES;
				CLANG_ANALYZER_NONNULL = YES;
				CLANG_ANALYZER_NUMBER_OBJECT_CONVERSION = YES_AGGRESSIVE;
				CLANG_CXX_LANGUAGE_STANDARD = "gnu++20";
				CLANG_ENABLE_MODULES = YES;
				CLANG_ENABLE_OBJC_ARC = YES;
				CLANG_ENABLE_OBJC_WEAK = YES;
				CLANG_WARN_BLOCK_CAPTURE_AUTORELEASING = YES;
				CLANG_WARN_BOOL_CONVERSION = YES;
				CLANG_WARN_COMMA = YES;
				CLANG_WARN_CONSTANT_CONVERSION = YES;
				CLANG_WARN_DEPRECATED_OBJC_IMPLEMENTATIONS = YES;
				CLANG_WARN_DIRECT_OBJC_ISA_USAGE = YES_ERROR;
				CLANG_WARN_DOCUMENTATION_COMMENTS = YES;
				CLANG_WARN_EMPTY_BODY = YES;
				CLANG_WARN_ENUM_CONVERSION = YES;
				CLANG_WARN_INFINITE_RECURSION = YES;
				CLANG_WARN_INT_CONVERSION = YES;
				CLANG_WARN_NON_LITERAL_NULL_CONVERSION = YES;
				CLANG_WARN_OBJC_IMPLICIT_RETAIN_SELF = YES;
				CLANG_WARN_OBJC_LITERAL_CONVERSION = YES;
				CLANG_WARN_OBJC_ROOT_CLASS = YES_ERROR;
				CLANG_WARN_QUOTED_INCLUDE_IN_FRAMEWORK_HEADER = YES;
				CLANG_WARN_RANGE_LOOP_ANALYSIS = YES;
				CLANG_WARN_STRICT_PROTOTYPES = YES;
				CLANG_WARN_SUSPICIOUS_MOVE = YES;
				CLANG_WARN_UNGUARDED_AVAILABILITY = YES_AGGRESSIVE;
				CLANG_WARN_UNREACHABLE_CODE = YES;
				CLANG_WARN__DUPLICATE_METHOD_MATCH = YES;
				COPY_PHASE_STRIP = NO;
				DEBUG_INFORMATION_FORMAT = "dwarf-with-dsym";
				ENABLE_NS_ASSERTIONS = NO;
				ENABLE_STRICT_OBJC_MSGSEND = YES;
				ENABLE_USER_SCRIPT_SANDBOXING = YES;
				GCC_C_LANGUAGE_STANDARD = gnu17;
				GCC_NO_COMMON_BLOCKS = YES;
				GCC_WARN_64_TO_32_BIT_CONVERSION = YES;
				GCC_WARN_ABOUT_RETURN_TYPE = YES_ERROR;
				GCC_WARN_UNDECLARED_SELECTOR = YES;
				GCC_WARN_UNINITIALIZED_AUTOS = YES_AGGRESSIVE;
				GCC_WARN_UNUSED_FUNCTION = YES;
				GCC_WARN_UNUSED_VARIABLE = YES;
				IPHONEOS_DEPLOYMENT_TARGET = 17.0;
				LOCALIZATION_PREFERS_STRING_CATALOGS = YES;
				MTL_ENABLE_DEBUG_INFO = NO;
				MTL_FAST_MATH = YES;
				SDKROOT = iphoneos;
				SWIFT_COMPILATION_MODE = wholemodule;
				VALIDATE_PRODUCT = YES;
			};
			name = Release;
		};
		8208E9CC2B8A94490009DD3A /* Debug */ = {
			isa = XCBuildConfiguration;
			buildSettings = {
				ASSETCATALOG_COMPILER_APPICON_NAME = AppIcon;
				ASSETCATALOG_COMPILER_GLOBAL_ACCENT_COLOR_NAME = AccentColor;
				CODE_SIGN_ENTITLEMENTS = BrightSky/BrightSky.entitlements;
				CODE_SIGN_IDENTITY = "Apple Development";
				"CODE_SIGN_IDENTITY[sdk=iphoneos*]" = "iPhone Developer";
				CODE_SIGN_STYLE = Manual;
				CURRENT_PROJECT_VERSION = 5;
				DEVELOPMENT_TEAM = "";
				"DEVELOPMENT_TEAM[sdk=iphoneos*]" = 2VR5JM9P46;
				GENERATE_INFOPLIST_FILE = YES;
				INFOPLIST_FILE = BrightSky/Info.plist;
				INFOPLIST_KEY_CFBundleDisplayName = "Bright Sky";
				INFOPLIST_KEY_LSApplicationCategoryType = "public.app-category.weather";
				INFOPLIST_KEY_UIApplicationSupportsIndirectInputEvents = YES;
				INFOPLIST_KEY_UILaunchStoryboardName = LaunchScreen;
				INFOPLIST_KEY_UISupportedInterfaceOrientations_iPad = "UIInterfaceOrientationPortrait UIInterfaceOrientationPortraitUpsideDown UIInterfaceOrientationLandscapeLeft UIInterfaceOrientationLandscapeRight";
				INFOPLIST_KEY_UISupportedInterfaceOrientations_iPhone = "UIInterfaceOrientationPortrait UIInterfaceOrientationLandscapeLeft UIInterfaceOrientationLandscapeRight";
				LD_RUNPATH_SEARCH_PATHS = (
					"$(inherited)",
					"@executable_path/Frameworks",
				);
				MARKETING_VERSION = 1.0.0;
				PRODUCT_BUNDLE_IDENTIFIER = com.pashkagreen.brightsky;
				PRODUCT_NAME = "$(TARGET_NAME)";
				PROVISIONING_PROFILE_SPECIFIER = "";
				"PROVISIONING_PROFILE_SPECIFIER[sdk=iphoneos*]" = "match Development com.pashkagreen.brightsky";
				SWIFT_EMIT_LOC_STRINGS = YES;
				SWIFT_VERSION = 5.0;
				TARGETED_DEVICE_FAMILY = "1,2";
				VERSIONING_SYSTEM = "apple-generic";
			};
			name = Debug;
		};
		8208E9CD2B8A94490009DD3A /* Release */ = {
			isa = XCBuildConfiguration;
			buildSettings = {
				ASSETCATALOG_COMPILER_APPICON_NAME = AppIcon;
				ASSETCATALOG_COMPILER_GLOBAL_ACCENT_COLOR_NAME = AccentColor;
				CODE_SIGN_ENTITLEMENTS = BrightSky/BrightSky.entitlements;
				CODE_SIGN_IDENTITY = "Apple Development";
				"CODE_SIGN_IDENTITY[sdk=iphoneos*]" = "iPhone Developer";
				CODE_SIGN_STYLE = Manual;
				CURRENT_PROJECT_VERSION = 5;
				DEVELOPMENT_TEAM = "";
				"DEVELOPMENT_TEAM[sdk=iphoneos*]" = 2VR5JM9P46;
				GENERATE_INFOPLIST_FILE = YES;
				INFOPLIST_FILE = BrightSky/Info.plist;
				INFOPLIST_KEY_CFBundleDisplayName = "Bright Sky";
				INFOPLIST_KEY_LSApplicationCategoryType = "public.app-category.weather";
				INFOPLIST_KEY_UIApplicationSupportsIndirectInputEvents = YES;
				INFOPLIST_KEY_UILaunchStoryboardName = LaunchScreen;
				INFOPLIST_KEY_UISupportedInterfaceOrientations_iPad = "UIInterfaceOrientationPortrait UIInterfaceOrientationPortraitUpsideDown UIInterfaceOrientationLandscapeLeft UIInterfaceOrientationLandscapeRight";
				INFOPLIST_KEY_UISupportedInterfaceOrientations_iPhone = "UIInterfaceOrientationPortrait UIInterfaceOrientationLandscapeLeft UIInterfaceOrientationLandscapeRight";
				LD_RUNPATH_SEARCH_PATHS = (
					"$(inherited)",
					"@executable_path/Frameworks",
				);
				MARKETING_VERSION = 1.0.0;
				PRODUCT_BUNDLE_IDENTIFIER = com.pashkagreen.brightsky;
				PRODUCT_NAME = "$(TARGET_NAME)";
				PROVISIONING_PROFILE_SPECIFIER = "";
				"PROVISIONING_PROFILE_SPECIFIER[sdk=iphoneos*]" = "match Development com.pashkagreen.brightsky";
				SWIFT_EMIT_LOC_STRINGS = YES;
				SWIFT_VERSION = 5.0;
				TARGETED_DEVICE_FAMILY = "1,2";
				VERSIONING_SYSTEM = "apple-generic";
			};
			name = Release;
		};
/* End XCBuildConfiguration section */

/* Begin XCConfigurationList section */
		8208E9B22B8A94480009DD3A /* Build configuration list for PBXProject "BrightSky" */ = {
			isa = XCConfigurationList;
			buildConfigurations = (
				8208E9C92B8A94490009DD3A /* Debug */,
				8208E9CA2B8A94490009DD3A /* Release */,
			);
			defaultConfigurationIsVisible = 0;
			defaultConfigurationName = Release;
		};
		8208E9CB2B8A94490009DD3A /* Build configuration list for PBXNativeTarget "BrightSky" */ = {
			isa = XCConfigurationList;
			buildConfigurations = (
				8208E9CC2B8A94490009DD3A /* Debug */,
				8208E9CD2B8A94490009DD3A /* Release */,
			);
			defaultConfigurationIsVisible = 0;
			defaultConfigurationName = Release;
		};
/* End XCConfigurationList section */

/* Begin XCRemoteSwiftPackageReference section */
		8231E43F2B9DEF4B002FDF48 /* XCRemoteSwiftPackageReference "purchases-ios" */ = {
			isa = XCRemoteSwiftPackageReference;
			repositoryURL = "https://github.com/RevenueCat/purchases-ios.git";
			requirement = {
				kind = upToNextMajorVersion;
				minimumVersion = 4.38.1;
			};
		};
/* End XCRemoteSwiftPackageReference section */

/* Begin XCSwiftPackageProductDependency section */
		8231E4422B9DEF4B002FDF48 /* RevenueCat */ = {
			isa = XCSwiftPackageProductDependency;
			package = 8231E43F2B9DEF4B002FDF48 /* XCRemoteSwiftPackageReference "purchases-ios" */;
			productName = RevenueCat;
		};
		8231E4442B9DEF4B002FDF48 /* RevenueCatUI */ = {
			isa = XCSwiftPackageProductDependency;
			package = 8231E43F2B9DEF4B002FDF48 /* XCRemoteSwiftPackageReference "purchases-ios" */;
			productName = RevenueCatUI;
		};
/* End XCSwiftPackageProductDependency section */
	};
	rootObject = 8208E9AF2B8A94480009DD3A /* Project object */;
}
