{
  "pins" : [
    {
      "identity" : "purchases-ios",
      "kind" : "remoteSourceControl",
      "location" : "https://github.com/RevenueCat/purchases-ios.git",
      "state" : {
        "revision" : "022748f79384035c0752602300e4e112018cd9c9",
        "version" : "4.38.1"
      }
    }
  ],
  "version" : 2
}
